# This file is generated by running "yarn install" inside your project.
# Manual changes might be lost - proceed with caution!

__metadata:
  version: 8
  cacheKey: 10c0

"@acuminous/bitsyntax@npm:^0.1.2":
  version: 0.1.2
  resolution: "@acuminous/bitsyntax@npm:0.1.2"
  dependencies:
    buffer-more-ints: "npm:~1.0.0"
    debug: "npm:^4.3.4"
    safe-buffer: "npm:~5.1.2"
  checksum: 10c0/bb54b5a1cf33bd67c317febfa2e4e89be803e7fc6ffae91c675ecc97aee144edf1ca15779b8b2413f44545b47db3340120891efb86e4e23a98f8bfab08c123bf
  languageName: node
  linkType: hard

"@types/amqplib@npm:^0.10.5":
  version: 0.10.5
  resolution: "@types/amqplib@npm:0.10.5"
  dependencies:
    "@types/node": "npm:*"
  checksum: 10c0/758f1d337e9e65ff6596d002e96b342275386aedfc2e7a2440915543885f3aa3b43995c480f339d25ee780b44af96dba95fd7e792eeaa58d9f84b742f9a98dd8
  languageName: node
  linkType: hard

"@types/node@npm:*":
  version: 22.2.0
  resolution: "@types/node@npm:22.2.0"
  dependencies:
    undici-types: "npm:~6.13.0"
  checksum: 10c0/c17900b34faecfec204f72970bd658d0c217aaf739c1bf7690c969465b6b26b77a8be1cd9ba735aadbd1dd20b5c3e4f406ec33528bf7c6eec90744886c5d5608
  languageName: node
  linkType: hard

"amqplib@npm:^0.10.4":
  version: 0.10.4
  resolution: "amqplib@npm:0.10.4"
  dependencies:
    "@acuminous/bitsyntax": "npm:^0.1.2"
    buffer-more-ints: "npm:~1.0.0"
    readable-stream: "npm:1.x >=1.1.9"
    url-parse: "npm:~1.5.10"
  checksum: 10c0/808d39feadfde44a61bf194f7948e91f90fb2d7e9b70ad0d479f10a5e57ba20d2a4b178768d31a9035e455d1706a93a343aa0f011b0842a788f10ebb51dd4658
  languageName: node
  linkType: hard

"buffer-more-ints@npm:~1.0.0":
  version: 1.0.0
  resolution: "buffer-more-ints@npm:1.0.0"
  checksum: 10c0/992b4e372e2550fd92296937ddfb8e67bb6af2664a63eb46492a1fbc05447755c5d8ba23a0311b2b1193ce23349eada76e8da4af49d75872fc40a5913557665b
  languageName: node
  linkType: hard

"client@workspace:.":
  version: 0.0.0-use.local
  resolution: "client@workspace:."
  dependencies:
    "@types/amqplib": "npm:^0.10.5"
    amqplib: "npm:^0.10.4"
  languageName: unknown
  linkType: soft

"core-util-is@npm:~1.0.0":
  version: 1.0.3
  resolution: "core-util-is@npm:1.0.3"
  checksum: 10c0/90a0e40abbddfd7618f8ccd63a74d88deea94e77d0e8dbbea059fa7ebebb8fbb4e2909667fe26f3a467073de1a542ebe6ae4c73a73745ac5833786759cd906c9
  languageName: node
  linkType: hard

"debug@npm:^4.3.4":
  version: 4.3.6
  resolution: "debug@npm:4.3.6"
  dependencies:
    ms: "npm:2.1.2"
  peerDependenciesMeta:
    supports-color:
      optional: true
  checksum: 10c0/3293416bff072389c101697d4611c402a6bacd1900ac20c0492f61a9cdd6b3b29750fc7f5e299f8058469ef60ff8fb79b86395a30374fbd2490113c1c7112285
  languageName: node
  linkType: hard

"inherits@npm:~2.0.1":
  version: 2.0.4
  resolution: "inherits@npm:2.0.4"
  checksum: 10c0/4e531f648b29039fb7426fb94075e6545faa1eb9fe83c29f0b6d9e7263aceb4289d2d4557db0d428188eeb449cc7c5e77b0a0b2c4e248ff2a65933a0dee49ef2
  languageName: node
  linkType: hard

"isarray@npm:0.0.1":
  version: 0.0.1
  resolution: "isarray@npm:0.0.1"
  checksum: 10c0/ed1e62da617f71fe348907c71743b5ed550448b455f8d269f89a7c7ddb8ae6e962de3dab6a74a237b06f5eb7f6ece7a45ada8ce96d87fe972926530f91ae3311
  languageName: node
  linkType: hard

"ms@npm:2.1.2":
  version: 2.1.2
  resolution: "ms@npm:2.1.2"
  checksum: 10c0/a437714e2f90dbf881b5191d35a6db792efbca5badf112f87b9e1c712aace4b4b9b742dd6537f3edf90fd6f684de897cec230abde57e87883766712ddda297cc
  languageName: node
  linkType: hard

"querystringify@npm:^2.1.1":
  version: 2.2.0
  resolution: "querystringify@npm:2.2.0"
  checksum: 10c0/3258bc3dbdf322ff2663619afe5947c7926a6ef5fb78ad7d384602974c467fadfc8272af44f5eb8cddd0d011aae8fabf3a929a8eee4b86edcc0a21e6bd10f9aa
  languageName: node
  linkType: hard

"readable-stream@npm:1.x >=1.1.9":
  version: 1.1.14
  resolution: "readable-stream@npm:1.1.14"
  dependencies:
    core-util-is: "npm:~1.0.0"
    inherits: "npm:~2.0.1"
    isarray: "npm:0.0.1"
    string_decoder: "npm:~0.10.x"
  checksum: 10c0/b7f41b16b305103d598e3c8964fa30d52d6e0b5d9fdad567588964521691c24b279c7a8bb71f11927c3613acf355bac72d8396885a43d50425b2caafd49bc83d
  languageName: node
  linkType: hard

"requires-port@npm:^1.0.0":
  version: 1.0.0
  resolution: "requires-port@npm:1.0.0"
  checksum: 10c0/b2bfdd09db16c082c4326e573a82c0771daaf7b53b9ce8ad60ea46aa6e30aaf475fe9b164800b89f93b748d2c234d8abff945d2551ba47bf5698e04cd7713267
  languageName: node
  linkType: hard

"safe-buffer@npm:~5.1.2":
  version: 5.1.2
  resolution: "safe-buffer@npm:5.1.2"
  checksum: 10c0/780ba6b5d99cc9a40f7b951d47152297d0e260f0df01472a1b99d4889679a4b94a13d644f7dbc4f022572f09ae9005fa2fbb93bbbd83643316f365a3e9a45b21
  languageName: node
  linkType: hard

"string_decoder@npm:~0.10.x":
  version: 0.10.31
  resolution: "string_decoder@npm:0.10.31"
  checksum: 10c0/1c628d78f974aa7539c496029f48e7019acc32487fc695464f9d6bdfec98edd7d933a06b3216bc2016918f6e75074c611d84430a53cb0e43071597d6c1ac5e25
  languageName: node
  linkType: hard

"undici-types@npm:~6.13.0":
  version: 6.13.0
  resolution: "undici-types@npm:6.13.0"
  checksum: 10c0/2de55181f569c77a4f08063f8bf2722fcbb6ea312a26a9e927bd1f5ea5cf3a281c5ddf23155061db083e0a25838f54813543ff13b0ac34d230d5c1205ead66c1
  languageName: node
  linkType: hard

"url-parse@npm:~1.5.10":
  version: 1.5.10
  resolution: "url-parse@npm:1.5.10"
  dependencies:
    querystringify: "npm:^2.1.1"
    requires-port: "npm:^1.0.0"
  checksum: 10c0/bd5aa9389f896974beb851c112f63b466505a04b4807cea2e5a3b7092f6fbb75316f0491ea84e44f66fed55f1b440df5195d7e3a8203f64fcefa19d182f5be87
  languageName: node
  linkType: hard
